
Microsoft Visual Studio Solution File, Format Version 12.00
# Visual Studio Version 17
VisualStudioVersion = 17.10.35013.160
MinimumVisualStudioVersion = 10.0.40219.1
Project("{FAE04EC0-301F-11D3-BF4B-00C04F79EFBC}") = "Regexy", "Regexy.csproj", "{C7E663F5-9629-4070-A9AB-4937D5A592DE}"
EndProject
Global
	GlobalSection(SolutionConfigurationPlatforms) = preSolution
		Debug|Any CPU = Debug|Any CPU
		Release|Any CPU = Release|Any CPU
	EndGlobalSection
	GlobalSection(ProjectConfigurationPlatforms) = postSolution
		{C7E663F5-9629-4070-A9AB-4937D5A592DE}.Debug|Any CPU.ActiveCfg = Debug|Any CPU
		{C7E663F5-9629-4070-A9AB-4937D5A592DE}.Debug|Any CPU.Build.0 = Debug|Any CPU
		{C7E663F5-9629-4070-A9AB-4937D5A592DE}.Release|Any CPU.ActiveCfg = Release|Any CPU
		{C7E663F5-9629-4070-A9AB-4937D5A592DE}.Release|Any CPU.Build.0 = Release|Any CPU
	EndGlobalSection
	GlobalSection(SolutionProperties) = preSolution
		HideSolutionNode = FALSE
	EndGlobalSection
	GlobalSection(ExtensibilityGlobals) = postSolution
		SolutionGuid = {40941BF9-A9AF-46C2-B12E-770C9AA205F8}
	EndGlobalSection
EndGlobal
